
Microsoft Visual Studio Solution File, Format Version 12.00
# Visual Studio 15
VisualStudioVersion = 15.0.27130.2036
MinimumVisualStudioVersion = 10.0.40219.1
Project("{FAE04EC0-301F-11D3-BF4B-00C04F79EFBC}") = "Olbrasoft.Travel.DataAccessLayer", "Olbrasoft.Travel.DataAccessLayer\Olbrasoft.Travel.DataAccessLayer.csproj", "{0D3BE7CB-5A9B-4883-A324-158615A6D656}"
EndProject
Project("{FAE04EC0-301F-11D3-BF4B-00C04F79EFBC}") = "Olbrasoft.Travel.DataAccessLayer.EntityFramework", "Olbrasoft.Travel.DataAccessLayer.EntityFramework\Olbrasoft.Travel.DataAccessLayer.EntityFramework.csproj", "{B418D540-324D-46CB-B10F-6AEE050ACEC5}"
EndProject
Project("{FAE04EC0-301F-11D3-BF4B-00C04F79EFBC}") = "Olbrasoft.Travel.Data.Entity", "Olbrasoft.Travel.Data.Entity\Olbrasoft.Travel.Data.Entity.csproj", "{B47EE928-2611-4D10-8316-C1B0B1EE768B}"
EndProject
Project("{FAE04EC0-301F-11D3-BF4B-00C04F79EFBC}") = "Olbrasoft.Travel.Web.Mvc", "Olbrasoft.Travel.Web.Mvc\Olbrasoft.Travel.Web.Mvc.csproj", "{5A08AF9F-AC9F-43A7-8E29-65DB8A40AD8A}"
EndProject
Project("{FAE04EC0-301F-11D3-BF4B-00C04F79EFBC}") = "Olbrasoft.Data.Entity.Bulk", "..\Olbrasoft.Data.Entity.Bulk\Olbrasoft.Data.Entity.Bulk.csproj", "{96F5E96A-B233-4E65-A114-1733DD1A49D5}"
EndProject
Project("{FAE04EC0-301F-11D3-BF4B-00C04F79EFBC}") = "Olbrasoft.Travel.ExpediaAffiliateNetwork", "Olbrasoft.Travel.ExpediaAffiliateNetwork\Olbrasoft.Travel.ExpediaAffiliateNetwork.csproj", "{E091F518-1897-4AB5-87E8-EAADCC0F7515}"
EndProject
Project("{FAE04EC0-301F-11D3-BF4B-00C04F79EFBC}") = "Olbrasoft.Travel.ExpediaAffiliateNetwork.Import", "Olbrasoft.Travel.ExpediaAffiliateNetwork.Import\Olbrasoft.Travel.ExpediaAffiliateNetwork.Import.csproj", "{C57AA65D-5282-4B2F-84C7-DAF46D284380}"
EndProject
Project("{FAE04EC0-301F-11D3-BF4B-00C04F79EFBC}") = "Olbrasoft.Travel.BusinessLogicLayer", "Olbrasoft.Travel.BusinessLogicLayer\Olbrasoft.Travel.BusinessLogicLayer.csproj", "{5AD5D028-4C60-41E0-9EE1-B5055D361E64}"
EndProject
Global
	GlobalSection(SolutionConfigurationPlatforms) = preSolution
		Debug|Any CPU = Debug|Any CPU
		Release|Any CPU = Release|Any CPU
	EndGlobalSection
	GlobalSection(ProjectConfigurationPlatforms) = postSolution
		{0D3BE7CB-5A9B-4883-A324-158615A6D656}.Debug|Any CPU.ActiveCfg = Debug|Any CPU
		{0D3BE7CB-5A9B-4883-A324-158615A6D656}.Debug|Any CPU.Build.0 = Debug|Any CPU
		{0D3BE7CB-5A9B-4883-A324-158615A6D656}.Release|Any CPU.ActiveCfg = Release|Any CPU
		{0D3BE7CB-5A9B-4883-A324-158615A6D656}.Release|Any CPU.Build.0 = Release|Any CPU
		{B418D540-324D-46CB-B10F-6AEE050ACEC5}.Debug|Any CPU.ActiveCfg = Debug|Any CPU
		{B418D540-324D-46CB-B10F-6AEE050ACEC5}.Debug|Any CPU.Build.0 = Debug|Any CPU
		{B418D540-324D-46CB-B10F-6AEE050ACEC5}.Release|Any CPU.ActiveCfg = Release|Any CPU
		{B418D540-324D-46CB-B10F-6AEE050ACEC5}.Release|Any CPU.Build.0 = Release|Any CPU
		{B47EE928-2611-4D10-8316-C1B0B1EE768B}.Debug|Any CPU.ActiveCfg = Debug|Any CPU
		{B47EE928-2611-4D10-8316-C1B0B1EE768B}.Debug|Any CPU.Build.0 = Debug|Any CPU
		{B47EE928-2611-4D10-8316-C1B0B1EE768B}.Release|Any CPU.ActiveCfg = Release|Any CPU
		{B47EE928-2611-4D10-8316-C1B0B1EE768B}.Release|Any CPU.Build.0 = Release|Any CPU
		{5A08AF9F-AC9F-43A7-8E29-65DB8A40AD8A}.Debug|Any CPU.ActiveCfg = Debug|Any CPU
		{5A08AF9F-AC9F-43A7-8E29-65DB8A40AD8A}.Debug|Any CPU.Build.0 = Debug|Any CPU
		{5A08AF9F-AC9F-43A7-8E29-65DB8A40AD8A}.Release|Any CPU.ActiveCfg = Release|Any CPU
		{5A08AF9F-AC9F-43A7-8E29-65DB8A40AD8A}.Release|Any CPU.Build.0 = Release|Any CPU
		{96F5E96A-B233-4E65-A114-1733DD1A49D5}.Debug|Any CPU.ActiveCfg = Debug|Any CPU
		{96F5E96A-B233-4E65-A114-1733DD1A49D5}.Debug|Any CPU.Build.0 = Debug|Any CPU
		{96F5E96A-B233-4E65-A114-1733DD1A49D5}.Release|Any CPU.ActiveCfg = Release|Any CPU
		{96F5E96A-B233-4E65-A114-1733DD1A49D5}.Release|Any CPU.Build.0 = Release|Any CPU
		{E091F518-1897-4AB5-87E8-EAADCC0F7515}.Debug|Any CPU.ActiveCfg = Debug|Any CPU
		{E091F518-1897-4AB5-87E8-EAADCC0F7515}.Debug|Any CPU.Build.0 = Debug|Any CPU
		{E091F518-1897-4AB5-87E8-EAADCC0F7515}.Release|Any CPU.ActiveCfg = Release|Any CPU
		{E091F518-1897-4AB5-87E8-EAADCC0F7515}.Release|Any CPU.Build.0 = Release|Any CPU
		{C57AA65D-5282-4B2F-84C7-DAF46D284380}.Debug|Any CPU.ActiveCfg = Debug|Any CPU
		{C57AA65D-5282-4B2F-84C7-DAF46D284380}.Debug|Any CPU.Build.0 = Debug|Any CPU
		{C57AA65D-5282-4B2F-84C7-DAF46D284380}.Release|Any CPU.ActiveCfg = Release|Any CPU
		{C57AA65D-5282-4B2F-84C7-DAF46D284380}.Release|Any CPU.Build.0 = Release|Any CPU
		{5AD5D028-4C60-41E0-9EE1-B5055D361E64}.Debug|Any CPU.ActiveCfg = Debug|Any CPU
		{5AD5D028-4C60-41E0-9EE1-B5055D361E64}.Debug|Any CPU.Build.0 = Debug|Any CPU
		{5AD5D028-4C60-41E0-9EE1-B5055D361E64}.Release|Any CPU.ActiveCfg = Release|Any CPU
		{5AD5D028-4C60-41E0-9EE1-B5055D361E64}.Release|Any CPU.Build.0 = Release|Any CPU
	EndGlobalSection
	GlobalSection(SolutionProperties) = preSolution
		HideSolutionNode = FALSE
	EndGlobalSection
	GlobalSection(ExtensibilityGlobals) = postSolution
		SolutionGuid = {2649BC10-1B23-49BF-BEB9-A78118C3881C}
	EndGlobalSection
EndGlobal
